// !$*UTF8*$!
{
	archiveVersion = 1;
	classes = {
	};
	objectVersion = 46;
	objects = {

/* Begin PBXBuildFile section */
		571784CD0E24D7AA00C2B42B /* gpl.txt in Resources */ = {isa = PBXBuildFile; fileRef = 571784CC0E24D7AA00C2B42B /* gpl.txt */; };
		571EC9DC0DECB98B007AE794 /* Application.cpp in Sources */ = {isa = PBXBuildFile; fileRef = 571EC96C0DECB98B007AE794 /* Application.cpp */; };
		571EC9DD0DECB98B007AE794 /* DebugFile.cpp in Sources */ = {isa = PBXBuildFile; fileRef = 571EC9700DECB98B007AE794 /* DebugFile.cpp */; };
		571EC9DE0DECB98B007AE794 /* DebugNotifier.cpp in Sources */ = {isa = PBXBuildFile; fileRef = 571EC9720DECB98B007AE794 /* DebugNotifier.cpp */; };
		571EC9DF0DECB98B007AE794 /* DrawNotifier.cpp in Sources */ = {isa = PBXBuildFile; fileRef = 571EC9740DECB98B007AE794 /* DrawNotifier.cpp */; };
		571EC9E00DECB98B007AE794 /* DrawOverlayNotifier.cpp in Sources */ = {isa = PBXBuildFile; fileRef = 571EC9760DECB98B007AE794 /* DrawOverlayNotifier.cpp */; };
		571EC9E10DECB98B007AE794 /* Group.cpp in Sources */ = {isa = PBXBuildFile; fileRef = 571EC9790DECB98B007AE794 /* Group.cpp */; };
		571EC9E20DECB98B007AE794 /* KeyboardEventNotifier.cpp in Sources */ = {isa = PBXBuildFile; fileRef = 571EC9890DECB98B007AE794 /* KeyboardEventNotifier.cpp */; };
		571EC9E30DECB98B007AE794 /* KeyBuffer.cpp in Sources */ = {isa = PBXBuildFile; fileRef = 571EC98B0DECB98B007AE794 /* KeyBuffer.cpp */; };
		571EC9E40DECB98B007AE794 /* Manager.cpp in Sources */ = {isa = PBXBuildFile; fileRef = 571EC98D0DECB98B007AE794 /* Manager.cpp */; };
		571EC9E50DECB98B007AE794 /* MouseEventNotifier.cpp in Sources */ = {isa = PBXBuildFile; fileRef = 571EC98F0DECB98B007AE794 /* MouseEventNotifier.cpp */; };
		571EC9E60DECB98B007AE794 /* Properties.cpp in Sources */ = {isa = PBXBuildFile; fileRef = 571EC9920DECB98B007AE794 /* Properties.cpp */; };
		571EC9E70DECB98B007AE794 /* Registry.cpp in Sources */ = {isa = PBXBuildFile; fileRef = 571EC9940DECB98B007AE794 /* Registry.cpp */; };
		571EC9E80DECB98B007AE794 /* ReshapeEventNotifier.cpp in Sources */ = {isa = PBXBuildFile; fileRef = 571EC9960DECB98B007AE794 /* ReshapeEventNotifier.cpp */; };
		571EC9E90DECB98B007AE794 /* UpdateNotifier.cpp in Sources */ = {isa = PBXBuildFile; fileRef = 571EC99C0DECB98B007AE794 /* UpdateNotifier.cpp */; };
		571EC9EA0DECB98B007AE794 /* Util.cpp in Sources */ = {isa = PBXBuildFile; fileRef = 571EC99E0DECB98B007AE794 /* Util.cpp */; };
		571ECAC70DECBAEA007AE794 /* OpenGL.framework in Frameworks */ = {isa = PBXBuildFile; fileRef = 571ECAC60DECBAEA007AE794 /* OpenGL.framework */; };
		571ECACB0DECBAF9007AE794 /* GLUT.framework in Frameworks */ = {isa = PBXBuildFile; fileRef = 571ECACA0DECBAF9007AE794 /* GLUT.framework */; };
		571ECBAC0DECC382007AE794 /* config.ini in Resources */ = {isa = PBXBuildFile; fileRef = 571ECBAB0DECC382007AE794 /* config.ini */; };
		57401BC10E2B9FEA00188F38 /* ApplicationController.cpp in Sources */ = {isa = PBXBuildFile; fileRef = 57401B810E2B9FEA00188F38 /* ApplicationController.cpp */; };
		57401BC20E2B9FEA00188F38 /* ApplicationState.cpp in Sources */ = {isa = PBXBuildFile; fileRef = 57401B830E2B9FEA00188F38 /* ApplicationState.cpp */; };
		57401BC30E2B9FEA00188F38 /* Asteroid.cpp in Sources */ = {isa = PBXBuildFile; fileRef = 57401B850E2B9FEA00188F38 /* Asteroid.cpp */; };
		57401BC40E2B9FEA00188F38 /* BeforeGameState.cpp in Sources */ = {isa = PBXBuildFile; fileRef = 57401B870E2B9FEA00188F38 /* BeforeGameState.cpp */; };
		57401BC50E2B9FEA00188F38 /* BeforeLevelState.cpp in Sources */ = {isa = PBXBuildFile; fileRef = 57401B890E2B9FEA00188F38 /* BeforeLevelState.cpp */; };
		57401BC60E2B9FEA00188F38 /* DuringLevelState.cpp in Sources */ = {isa = PBXBuildFile; fileRef = 57401B8B0E2B9FEA00188F38 /* DuringLevelState.cpp */; };
		57401BC70E2B9FEA00188F38 /* EndOfLevelState.cpp in Sources */ = {isa = PBXBuildFile; fileRef = 57401B8D0E2B9FEA00188F38 /* EndOfLevelState.cpp */; };
		57401BC80E2B9FEA00188F38 /* ExplosionDebris.cpp in Sources */ = {isa = PBXBuildFile; fileRef = 57401B8F0E2B9FEA00188F38 /* ExplosionDebris.cpp */; };
		57401BC90E2B9FEA00188F38 /* ExplosionManager.cpp in Sources */ = {isa = PBXBuildFile; fileRef = 57401B910E2B9FEA00188F38 /* ExplosionManager.cpp */; };
		57401BCA0E2B9FEA00188F38 /* GameEntity.cpp in Sources */ = {isa = PBXBuildFile; fileRef = 57401B930E2B9FEA00188F38 /* GameEntity.cpp */; };
		57401BCB0E2B9FEA00188F38 /* GameManager.cpp in Sources */ = {isa = PBXBuildFile; fileRef = 57401B950E2B9FEA00188F38 /* GameManager.cpp */; };
		57401BCC0E2B9FEA00188F38 /* GameOverScreen.cpp in Sources */ = {isa = PBXBuildFile; fileRef = 57401B970E2B9FEA00188F38 /* GameOverScreen.cpp */; };
		57401BCD0E2B9FEA00188F38 /* GameOverState.cpp in Sources */ = {isa = PBXBuildFile; fileRef = 57401B990E2B9FEA00188F38 /* GameOverState.cpp */; };
		57401BCE0E2B9FEA00188F38 /* LaserShot.cpp in Sources */ = {isa = PBXBuildFile; fileRef = 57401B9B0E2B9FEA00188F38 /* LaserShot.cpp */; };
		57401BCF0E2B9FEA00188F38 /* Lights.cpp in Sources */ = {isa = PBXBuildFile; fileRef = 57401B9D0E2B9FEA00188F38 /* Lights.cpp */; };
		57401BD00E2B9FEA00188F38 /* main.cpp in Sources */ = {isa = PBXBuildFile; fileRef = 57401B9F0E2B9FEA00188F38 /* main.cpp */; };
		57401BD10E2B9FEA00188F38 /* RoidsApp.cpp in Sources */ = {isa = PBXBuildFile; fileRef = 57401BA00E2B9FEA00188F38 /* RoidsApp.cpp */; };
		57401BD20E2B9FEA00188F38 /* Camera.cpp in Sources */ = {isa = PBXBuildFile; fileRef = 57401BA20E2B9FEA00188F38 /* Camera.cpp */; };
		57401BD30E2B9FEA00188F38 /* CameraController.cpp in Sources */ = {isa = PBXBuildFile; fileRef = 57401BA40E2B9FEA00188F38 /* CameraController.cpp */; };
		57401BD40E2B9FEA00188F38 /* Particle.cpp in Sources */ = {isa = PBXBuildFile; fileRef = 57401BA60E2B9FEA00188F38 /* Particle.cpp */; };
		57401BD50E2B9FEA00188F38 /* ParticleManager.cpp in Sources */ = {isa = PBXBuildFile; fileRef = 57401BA80E2B9FEA00188F38 /* ParticleManager.cpp */; };
		57401BD60E2B9FEA00188F38 /* PausedState.cpp in Sources */ = {isa = PBXBuildFile; fileRef = 57401BAA0E2B9FEA00188F38 /* PausedState.cpp */; };
		57401BD70E2B9FEA00188F38 /* PhysicsEngine.cpp in Sources */ = {isa = PBXBuildFile; fileRef = 57401BAC0E2B9FEA00188F38 /* PhysicsEngine.cpp */; };
		57401BD80E2B9FEA00188F38 /* PhysicsObject.cpp in Sources */ = {isa = PBXBuildFile; fileRef = 57401BAE0E2B9FEA00188F38 /* PhysicsObject.cpp */; };
		57401BD90E2B9FEA00188F38 /* QuitConfirmState.cpp in Sources */ = {isa = PBXBuildFile; fileRef = 57401BB00E2B9FEA00188F38 /* QuitConfirmState.cpp */; };
		57401BDA0E2B9FEA00188F38 /* Screen.cpp in Sources */ = {isa = PBXBuildFile; fileRef = 57401BB20E2B9FEA00188F38 /* Screen.cpp */; };
		57401BDB0E2B9FEA00188F38 /* ScreenManager.cpp in Sources */ = {isa = PBXBuildFile; fileRef = 57401BB40E2B9FEA00188F38 /* ScreenManager.cpp */; };
		57401BDC0E2B9FEA00188F38 /* ShipController.cpp in Sources */ = {isa = PBXBuildFile; fileRef = 57401BB60E2B9FEA00188F38 /* ShipController.cpp */; };
		57401BDD0E2B9FEA00188F38 /* SpaceShip.cpp in Sources */ = {isa = PBXBuildFile; fileRef = 57401BB80E2B9FEA00188F38 /* SpaceShip.cpp */; };
		57401BDF0E2B9FEA00188F38 /* SpaceShipHyperAccelerator.cpp in Sources */ = {isa = PBXBuildFile; fileRef = 57401BBD0E2B9FEA00188F38 /* SpaceShipHyperAccelerator.cpp */; };
		57401BE00E2B9FEA00188F38 /* StarSphere.cpp in Sources */ = {isa = PBXBuildFile; fileRef = 57401BBF0E2B9FEA00188F38 /* StarSphere.cpp */; };
		57D3747F0DED15F7002C0837 /* CoreFoundation.framework in Frameworks */ = {isa = PBXBuildFile; fileRef = 57D3747E0DED15F7002C0837 /* CoreFoundation.framework */; };
		8D0C4E8D0486CD37000505A6 /* InfoPlist.strings in Resources */ = {isa = PBXBuildFile; fileRef = 0867D6AAFE840B52C02AAC07 /* InfoPlist.strings */; };
		8D0C4E8E0486CD37000505A6 /* main.nib in Resources */ = {isa = PBXBuildFile; fileRef = 02345980000FD03B11CA0E72 /* main.nib */; };
/* End PBXBuildFile section */

/* Begin PBXFileReference section */
		0867D6ABFE840B52C02AAC07 /* English */ = {isa = PBXFileReference; fileEncoding = 10; lastKnownFileType = text.plist.strings; name = English; path = English.lproj/InfoPlist.strings; sourceTree = "<group>"; };
		1870340FFE93FCAF11CA0CD7 /* English */ = {isa = PBXFileReference; lastKnownFileType = wrapper.nib; name = English; path = English.lproj/main.nib; sourceTree = "<group>"; };
		5048396D09E3307300765E4B /* asteroidsOSXProj.xcconfig */ = {isa = PBXFileReference; fileEncoding = 30; lastKnownFileType = text.xcconfig; path = asteroidsOSXProj.xcconfig; sourceTree = "<group>"; };
		5048396E09E3307300765E4B /* asteroidsOSXTarget.xcconfig */ = {isa = PBXFileReference; fileEncoding = 30; lastKnownFileType = text.xcconfig; path = asteroidsOSXTarget.xcconfig; sourceTree = "<group>"; };
		508344B209E5C41E0093A071 /* asteroidsOSX.app */ = {isa = PBXFileReference; explicitFileType = wrapper.application; includeInIndex = 0; path = asteroidsOSX.app; sourceTree = BUILT_PRODUCTS_DIR; };
		571784CC0E24D7AA00C2B42B /* gpl.txt */ = {isa = PBXFileReference; fileEncoding = 4; lastKnownFileType = text; path = gpl.txt; sourceTree = "<group>"; };
		571EC96C0DECB98B007AE794 /* Application.cpp */ = {isa = PBXFileReference; fileEncoding = 4; lastKnownFileType = sourcecode.cpp.cpp; path = Application.cpp; sourceTree = "<group>"; };
		571EC96D0DECB98B007AE794 /* Application.h */ = {isa = PBXFileReference; fileEncoding = 4; lastKnownFileType = sourcecode.c.h; path = Application.h; sourceTree = "<group>"; };
		571EC96E0DECB98B007AE794 /* cg.h */ = {isa = PBXFileReference; fileEncoding = 4; lastKnownFileType = sourcecode.c.h; path = cg.h; sourceTree = "<group>"; };
		571EC96F0DECB98B007AE794 /* CommandQueue.h */ = {isa = PBXFileReference; fileEncoding = 4; lastKnownFileType = sourcecode.c.h; path = CommandQueue.h; sourceTree = "<group>"; };
		571EC9700DECB98B007AE794 /* DebugFile.cpp */ = {isa = PBXFileReference; fileEncoding = 4; lastKnownFileType = sourcecode.cpp.cpp; path = DebugFile.cpp; sourceTree = "<group>"; };
		571EC9710DECB98B007AE794 /* DebugFile.h */ = {isa = PBXFileReference; fileEncoding = 4; lastKnownFileType = sourcecode.c.h; path = DebugFile.h; sourceTree = "<group>"; };
		571EC9720DECB98B007AE794 /* DebugNotifier.cpp */ = {isa = PBXFileReference; fileEncoding = 4; lastKnownFileType = sourcecode.cpp.cpp; path = DebugNotifier.cpp; sourceTree = "<group>"; };
		571EC9730DECB98B007AE794 /* DebugNotifier.h */ = {isa = PBXFileReference; fileEncoding = 4; lastKnownFileType = sourcecode.c.h; path = DebugNotifier.h; sourceTree = "<group>"; };
		571EC9740DECB98B007AE794 /* DrawNotifier.cpp */ = {isa = PBXFileReference; fileEncoding = 4; lastKnownFileType = sourcecode.cpp.cpp; path = DrawNotifier.cpp; sourceTree = "<group>"; };
		571EC9750DECB98B007AE794 /* DrawNotifier.h */ = {isa = PBXFileReference; fileEncoding = 4; lastKnownFileType = sourcecode.c.h; path = DrawNotifier.h; sourceTree = "<group>"; };
		571EC9760DECB98B007AE794 /* DrawOverlayNotifier.cpp */ = {isa = PBXFileReference; fileEncoding = 4; lastKnownFileType = sourcecode.cpp.cpp; path = DrawOverlayNotifier.cpp; sourceTree = "<group>"; };
		571EC9770DECB98B007AE794 /* DrawOverlayNotifier.h */ = {isa = PBXFileReference; fileEncoding = 4; lastKnownFileType = sourcecode.c.h; path = DrawOverlayNotifier.h; sourceTree = "<group>"; };
		571EC9780DECB98B007AE794 /* Entity.h */ = {isa = PBXFileReference; fileEncoding = 4; lastKnownFileType = sourcecode.c.h; path = Entity.h; sourceTree = "<group>"; };
		571EC9790DECB98B007AE794 /* Group.cpp */ = {isa = PBXFileReference; fileEncoding = 4; lastKnownFileType = sourcecode.cpp.cpp; path = Group.cpp; sourceTree = "<group>"; };
		571EC97A0DECB98B007AE794 /* Group.h */ = {isa = PBXFileReference; fileEncoding = 4; lastKnownFileType = sourcecode.c.h; path = Group.h; sourceTree = "<group>"; };
		571EC97B0DECB98B007AE794 /* GroupDebug.h */ = {isa = PBXFileReference; fileEncoding = 4; lastKnownFileType = sourcecode.c.h; path = GroupDebug.h; sourceTree = "<group>"; };
		571EC97C0DECB98B007AE794 /* GroupDraw.h */ = {isa = PBXFileReference; fileEncoding = 4; lastKnownFileType = sourcecode.c.h; path = GroupDraw.h; sourceTree = "<group>"; };
		571EC97D0DECB98B007AE794 /* GroupDrawOverlay.h */ = {isa = PBXFileReference; fileEncoding = 4; lastKnownFileType = sourcecode.c.h; path = GroupDrawOverlay.h; sourceTree = "<group>"; };
		571EC97E0DECB98B007AE794 /* GroupKeyboardEvent.h */ = {isa = PBXFileReference; fileEncoding = 4; lastKnownFileType = sourcecode.c.h; path = GroupKeyboardEvent.h; sourceTree = "<group>"; };
		571EC97F0DECB98B007AE794 /* GroupMouseEvent.h */ = {isa = PBXFileReference; fileEncoding = 4; lastKnownFileType = sourcecode.c.h; path = GroupMouseEvent.h; sourceTree = "<group>"; };
		571EC9800DECB98B007AE794 /* GroupReshapeEvent.h */ = {isa = PBXFileReference; fileEncoding = 4; lastKnownFileType = sourcecode.c.h; path = GroupReshapeEvent.h; sourceTree = "<group>"; };
		571EC9810DECB98B007AE794 /* GroupUpdate.h */ = {isa = PBXFileReference; fileEncoding = 4; lastKnownFileType = sourcecode.c.h; path = GroupUpdate.h; sourceTree = "<group>"; };
		571EC9820DECB98B007AE794 /* IDebugListener.h */ = {isa = PBXFileReference; fileEncoding = 4; lastKnownFileType = sourcecode.c.h; path = IDebugListener.h; sourceTree = "<group>"; };
		571EC9830DECB98B007AE794 /* IDrawListener.h */ = {isa = PBXFileReference; fileEncoding = 4; lastKnownFileType = sourcecode.c.h; path = IDrawListener.h; sourceTree = "<group>"; };
		571EC9840DECB98B007AE794 /* IDrawOverlayListener.h */ = {isa = PBXFileReference; fileEncoding = 4; lastKnownFileType = sourcecode.c.h; path = IDrawOverlayListener.h; sourceTree = "<group>"; };
		571EC9850DECB98B007AE794 /* IKeyboardEventListener.h */ = {isa = PBXFileReference; fileEncoding = 4; lastKnownFileType = sourcecode.c.h; path = IKeyboardEventListener.h; sourceTree = "<group>"; };
		571EC9860DECB98B007AE794 /* IMouseEventListener.h */ = {isa = PBXFileReference; fileEncoding = 4; lastKnownFileType = sourcecode.c.h; path = IMouseEventListener.h; sourceTree = "<group>"; };
		571EC9870DECB98B007AE794 /* IReshapeEventListener.h */ = {isa = PBXFileReference; fileEncoding = 4; lastKnownFileType = sourcecode.c.h; path = IReshapeEventListener.h; sourceTree = "<group>"; };
		571EC9880DECB98B007AE794 /* IUpdateListener.h */ = {isa = PBXFileReference; fileEncoding = 4; lastKnownFileType = sourcecode.c.h; path = IUpdateListener.h; sourceTree = "<group>"; };
		571EC9890DECB98B007AE794 /* KeyboardEventNotifier.cpp */ = {isa = PBXFileReference; fileEncoding = 4; lastKnownFileType = sourcecode.cpp.cpp; path = KeyboardEventNotifier.cpp; sourceTree = "<group>"; };
		571EC98A0DECB98B007AE794 /* KeyboardEventNotifier.h */ = {isa = PBXFileReference; fileEncoding = 4; lastKnownFileType = sourcecode.c.h; path = KeyboardEventNotifier.h; sourceTree = "<group>"; };
		571EC98B0DECB98B007AE794 /* KeyBuffer.cpp */ = {isa = PBXFileReference; fileEncoding = 4; lastKnownFileType = sourcecode.cpp.cpp; path = KeyBuffer.cpp; sourceTree = "<group>"; };
		571EC98C0DECB98B007AE794 /* KeyBuffer.h */ = {isa = PBXFileReference; fileEncoding = 4; lastKnownFileType = sourcecode.c.h; path = KeyBuffer.h; sourceTree = "<group>"; };
		571EC98D0DECB98B007AE794 /* Manager.cpp */ = {isa = PBXFileReference; fileEncoding = 4; lastKnownFileType = sourcecode.cpp.cpp; path = Manager.cpp; sourceTree = "<group>"; };
		571EC98E0DECB98B007AE794 /* Manager.h */ = {isa = PBXFileReference; fileEncoding = 4; lastKnownFileType = sourcecode.c.h; path = Manager.h; sourceTree = "<group>"; };
		571EC98F0DECB98B007AE794 /* MouseEventNotifier.cpp */ = {isa = PBXFileReference; fileEncoding = 4; lastKnownFileType = sourcecode.cpp.cpp; path = MouseEventNotifier.cpp; sourceTree = "<group>"; };
		571EC9900DECB98B007AE794 /* MouseEventNotifier.h */ = {isa = PBXFileReference; fileEncoding = 4; lastKnownFileType = sourcecode.c.h; path = MouseEventNotifier.h; sourceTree = "<group>"; };
		571EC9910DECB98B007AE794 /* Notifier.h */ = {isa = PBXFileReference; fileEncoding = 4; lastKnownFileType = sourcecode.c.h; path = Notifier.h; sourceTree = "<group>"; };
		571EC9920DECB98B007AE794 /* Properties.cpp */ = {isa = PBXFileReference; fileEncoding = 4; lastKnownFileType = sourcecode.cpp.cpp; path = Properties.cpp; sourceTree = "<group>"; };
		571EC9930DECB98B007AE794 /* Properties.h */ = {isa = PBXFileReference; fileEncoding = 4; lastKnownFileType = sourcecode.c.h; path = Properties.h; sourceTree = "<group>"; };
		571EC9940DECB98B007AE794 /* Registry.cpp */ = {isa = PBXFileReference; fileEncoding = 4; lastKnownFileType = sourcecode.cpp.cpp; path = Registry.cpp; sourceTree = "<group>"; };
		571EC9950DECB98B007AE794 /* Registry.h */ = {isa = PBXFileReference; fileEncoding = 4; lastKnownFileType = sourcecode.c.h; path = Registry.h; sourceTree = "<group>"; };
		571EC9960DECB98B007AE794 /* ReshapeEventNotifier.cpp */ = {isa = PBXFileReference; fileEncoding = 4; lastKnownFileType = sourcecode.cpp.cpp; path = ReshapeEventNotifier.cpp; sourceTree = "<group>"; };
		571EC9970DECB98B007AE794 /* ReshapeEventNotifier.h */ = {isa = PBXFileReference; fileEncoding = 4; lastKnownFileType = sourcecode.c.h; path = ReshapeEventNotifier.h; sourceTree = "<group>"; };
		571EC9980DECB98B007AE794 /* Singleton.h */ = {isa = PBXFileReference; fileEncoding = 4; lastKnownFileType = sourcecode.c.h; path = Singleton.h; sourceTree = "<group>"; };
		571EC9990DECB98B007AE794 /* State.h */ = {isa = PBXFileReference; fileEncoding = 4; lastKnownFileType = sourcecode.c.h; path = State.h; sourceTree = "<group>"; };
		571EC99A0DECB98B007AE794 /* Test.h */ = {isa = PBXFileReference; fileEncoding = 4; lastKnownFileType = sourcecode.c.h; path = Test.h; sourceTree = "<group>"; };
		571EC99B0DECB98B007AE794 /* TestSuite.h */ = {isa = PBXFileReference; fileEncoding = 4; lastKnownFileType = sourcecode.c.h; path = TestSuite.h; sourceTree = "<group>"; };
		571EC99C0DECB98B007AE794 /* UpdateNotifier.cpp */ = {isa = PBXFileReference; fileEncoding = 4; lastKnownFileType = sourcecode.cpp.cpp; path = UpdateNotifier.cpp; sourceTree = "<group>"; };
		571EC99D0DECB98B007AE794 /* UpdateNotifier.h */ = {isa = PBXFileReference; fileEncoding = 4; lastKnownFileType = sourcecode.c.h; path = UpdateNotifier.h; sourceTree = "<group>"; };
		571EC99E0DECB98B007AE794 /* Util.cpp */ = {isa = PBXFileReference; fileEncoding = 4; lastKnownFileType = sourcecode.cpp.cpp; path = Util.cpp; sourceTree = "<group>"; };
		571EC99F0DECB98B007AE794 /* Util.h */ = {isa = PBXFileReference; fileEncoding = 4; lastKnownFileType = sourcecode.c.h; path = Util.h; sourceTree = "<group>"; };
		571EC9A00DECB98B007AE794 /* Vector.h */ = {isa = PBXFileReference; fileEncoding = 4; lastKnownFileType = sourcecode.c.h; path = Vector.h; sourceTree = "<group>"; };
		571ECAC60DECBAEA007AE794 /* OpenGL.framework */ = {isa = PBXFileReference; lastKnownFileType = wrapper.framework; name = OpenGL.framework; path = /System/Library/Frameworks/OpenGL.framework; sourceTree = "<absolute>"; };
		571ECACA0DECBAF9007AE794 /* GLUT.framework */ = {isa = PBXFileReference; lastKnownFileType = wrapper.framework; name = GLUT.framework; path = /System/Library/Frameworks/GLUT.framework; sourceTree = "<absolute>"; };
		571ECBAB0DECC382007AE794 /* config.ini */ = {isa = PBXFileReference; fileEncoding = 4; lastKnownFileType = text; name = config.ini; path = resources/config.ini; sourceTree = "<group>"; };
		57401B810E2B9FEA00188F38 /* ApplicationController.cpp */ = {isa = PBXFileReference; fileEncoding = 4; lastKnownFileType = sourcecode.cpp.cpp; path = ApplicationController.cpp; sourceTree = "<group>"; };
		57401B820E2B9FEA00188F38 /* ApplicationController.h */ = {isa = PBXFileReference; fileEncoding = 4; lastKnownFileType = sourcecode.c.h; path = ApplicationController.h; sourceTree = "<group>"; };
		57401B830E2B9FEA00188F38 /* ApplicationState.cpp */ = {isa = PBXFileReference; fileEncoding = 4; lastKnownFileType = sourcecode.cpp.cpp; path = ApplicationState.cpp; sourceTree = "<group>"; };
		57401B840E2B9FEA00188F38 /* ApplicationState.h */ = {isa = PBXFileReference; fileEncoding = 4; lastKnownFileType = sourcecode.c.h; path = ApplicationState.h; sourceTree = "<group>"; };
		57401B850E2B9FEA00188F38 /* Asteroid.cpp */ = {isa = PBXFileReference; fileEncoding = 4; lastKnownFileType = sourcecode.cpp.cpp; path = Asteroid.cpp; sourceTree = "<group>"; };
		57401B860E2B9FEA00188F38 /* Asteroid.h */ = {isa = PBXFileReference; fileEncoding = 4; lastKnownFileType = sourcecode.c.h; path = Asteroid.h; sourceTree = "<group>"; };
		57401B870E2B9FEA00188F38 /* BeforeGameState.cpp */ = {isa = PBXFileReference; fileEncoding = 4; lastKnownFileType = sourcecode.cpp.cpp; path = BeforeGameState.cpp; sourceTree = "<group>"; };
		57401B880E2B9FEA00188F38 /* BeforeGameState.h */ = {isa = PBXFileReference; fileEncoding = 4; lastKnownFileType = sourcecode.c.h; path = BeforeGameState.h; sourceTree = "<group>"; };
		57401B890E2B9FEA00188F38 /* BeforeLevelState.cpp */ = {isa = PBXFileReference; fileEncoding = 4; lastKnownFileType = sourcecode.cpp.cpp; path = BeforeLevelState.cpp; sourceTree = "<group>"; };
		57401B8A0E2B9FEA00188F38 /* BeforeLevelState.h */ = {isa = PBXFileReference; fileEncoding = 4; lastKnownFileType = sourcecode.c.h; path = BeforeLevelState.h; sourceTree = "<group>"; };
		57401B8B0E2B9FEA00188F38 /* DuringLevelState.cpp */ = {isa = PBXFileReference; fileEncoding = 4; lastKnownFileType = sourcecode.cpp.cpp; path = DuringLevelState.cpp; sourceTree = "<group>"; };
		57401B8C0E2B9FEA00188F38 /* DuringLevelState.h */ = {isa = PBXFileReference; fileEncoding = 4; lastKnownFileType = sourcecode.c.h; path = DuringLevelState.h; sourceTree = "<group>"; };
		57401B8D0E2B9FEA00188F38 /* EndOfLevelState.cpp */ = {isa = PBXFileReference; fileEncoding = 4; lastKnownFileType = sourcecode.cpp.cpp; path = EndOfLevelState.cpp; sourceTree = "<group>"; };
		57401B8E0E2B9FEA00188F38 /* EndOfLevelState.h */ = {isa = PBXFileReference; fileEncoding = 4; lastKnownFileType = sourcecode.c.h; path = EndOfLevelState.h; sourceTree = "<group>"; };
		57401B8F0E2B9FEA00188F38 /* ExplosionDebris.cpp */ = {isa = PBXFileReference; fileEncoding = 4; lastKnownFileType = sourcecode.cpp.cpp; path = ExplosionDebris.cpp; sourceTree = "<group>"; };
		57401B900E2B9FEA00188F38 /* ExplosionDebris.h */ = {isa = PBXFileReference; fileEncoding = 4; lastKnownFileType = sourcecode.c.h; path = ExplosionDebris.h; sourceTree = "<group>"; };
		57401B910E2B9FEA00188F38 /* ExplosionManager.cpp */ = {isa = PBXFileReference; fileEncoding = 4; lastKnownFileType = sourcecode.cpp.cpp; path = ExplosionManager.cpp; sourceTree = "<group>"; };
		57401B920E2B9FEA00188F38 /* ExplosionManager.h */ = {isa = PBXFileReference; fileEncoding = 4; lastKnownFileType = sourcecode.c.h; path = ExplosionManager.h; sourceTree = "<group>"; };
		57401B930E2B9FEA00188F38 /* GameEntity.cpp */ = {isa = PBXFileReference; fileEncoding = 4; lastKnownFileType = sourcecode.cpp.cpp; path = GameEntity.cpp; sourceTree = "<group>"; };
		57401B940E2B9FEA00188F38 /* GameEntity.h */ = {isa = PBXFileReference; fileEncoding = 4; lastKnownFileType = sourcecode.c.h; path = GameEntity.h; sourceTree = "<group>"; };
		57401B950E2B9FEA00188F38 /* GameManager.cpp */ = {isa = PBXFileReference; fileEncoding = 4; lastKnownFileType = sourcecode.cpp.cpp; path = GameManager.cpp; sourceTree = "<group>"; };
		57401B960E2B9FEA00188F38 /* GameManager.h */ = {isa = PBXFileReference; fileEncoding = 4; lastKnownFileType = sourcecode.c.h; path = GameManager.h; sourceTree = "<group>"; };
		57401B970E2B9FEA00188F38 /* GameOverScreen.cpp */ = {isa = PBXFileReference; fileEncoding = 4; lastKnownFileType = sourcecode.cpp.cpp; path = GameOverScreen.cpp; sourceTree = "<group>"; };
		57401B980E2B9FEA00188F38 /* GameOverScreen.h */ = {isa = PBXFileReference; fileEncoding = 4; lastKnownFileType = sourcecode.c.h; path = GameOverScreen.h; sourceTree = "<group>"; };
		57401B990E2B9FEA00188F38 /* GameOverState.cpp */ = {isa = PBXFileReference; fileEncoding = 4; lastKnownFileType = sourcecode.cpp.cpp; path = GameOverState.cpp; sourceTree = "<group>"; };
		57401B9A0E2B9FEA00188F38 /* GameOverState.h */ = {isa = PBXFileReference; fileEncoding = 4; lastKnownFileType = sourcecode.c.h; path = GameOverState.h; sourceTree = "<group>"; };
		57401B9B0E2B9FEA00188F38 /* LaserShot.cpp */ = {isa = PBXFileReference; fileEncoding = 4; lastKnownFileType = sourcecode.cpp.cpp; path = LaserShot.cpp; sourceTree = "<group>"; };
		57401B9C0E2B9FEA00188F38 /* LaserShot.h */ = {isa = PBXFileReference; fileEncoding = 4; lastKnownFileType = sourcecode.c.h; path = LaserShot.h; sourceTree = "<group>"; };
		57401B9D0E2B9FEA00188F38 /* Lights.cpp */ = {isa = PBXFileReference; fileEncoding = 4; lastKnownFileType = sourcecode.cpp.cpp; path = Lights.cpp; sourceTree = "<group>"; };
		57401B9E0E2B9FEA00188F38 /* Lights.h */ = {isa = PBXFileReference; fileEncoding = 4; lastKnownFileType = sourcecode.c.h; path = Lights.h; sourceTree = "<group>"; };
		57401B9F0E2B9FEA00188F38 /* main.cpp */ = {isa = PBXFileReference; fileEncoding = 4; lastKnownFileType = sourcecode.cpp.cpp; path = main.cpp; sourceTree = "<group>"; };
		57401BA00E2B9FEA00188F38 /* RoidsApp.cpp */ = {isa = PBXFileReference; fileEncoding = 4; lastKnownFileType = sourcecode.cpp.cpp; path = RoidsApp.cpp; sourceTree = "<group>"; };
		57401BA10E2B9FEA00188F38 /* RoidsApp.h */ = {isa = PBXFileReference; fileEncoding = 4; lastKnownFileType = sourcecode.c.h; path = RoidsApp.h; sourceTree = "<group>"; };
		57401BA20E2B9FEA00188F38 /* Camera.cpp */ = {isa = PBXFileReference; fileEncoding = 4; lastKnownFileType = sourcecode.cpp.cpp; path = Camera.cpp; sourceTree = "<group>"; };
		57401BA30E2B9FEA00188F38 /* Camera.h */ = {isa = PBXFileReference; fileEncoding = 4; lastKnownFileType = sourcecode.c.h; path = Camera.h; sourceTree = "<group>"; };
		57401BA40E2B9FEA00188F38 /* CameraController.cpp */ = {isa = PBXFileReference; fileEncoding = 4; lastKnownFileType = sourcecode.cpp.cpp; path = CameraController.cpp; sourceTree = "<group>"; };
		57401BA50E2B9FEA00188F38 /* CameraController.h */ = {isa = PBXFileReference; fileEncoding = 4; lastKnownFileType = sourcecode.c.h; path = CameraController.h; sourceTree = "<group>"; };
		57401BA60E2B9FEA00188F38 /* Particle.cpp */ = {isa = PBXFileReference; fileEncoding = 4; lastKnownFileType = sourcecode.cpp.cpp; path = Particle.cpp; sourceTree = "<group>"; };
		57401BA70E2B9FEA00188F38 /* Particle.h */ = {isa = PBXFileReference; fileEncoding = 4; lastKnownFileType = sourcecode.c.h; path = Particle.h; sourceTree = "<group>"; };
		57401BA80E2B9FEA00188F38 /* ParticleManager.cpp */ = {isa = PBXFileReference; fileEncoding = 4; lastKnownFileType = sourcecode.cpp.cpp; path = ParticleManager.cpp; sourceTree = "<group>"; };
		57401BA90E2B9FEA00188F38 /* ParticleManager.h */ = {isa = PBXFileReference; fileEncoding = 4; lastKnownFileType = sourcecode.c.h; path = ParticleManager.h; sourceTree = "<group>"; };
		57401BAA0E2B9FEA00188F38 /* PausedState.cpp */ = {isa = PBXFileReference; fileEncoding = 4; lastKnownFileType = sourcecode.cpp.cpp; path = PausedState.cpp; sourceTree = "<group>"; };
		57401BAB0E2B9FEA00188F38 /* PausedState.h */ = {isa = PBXFileReference; fileEncoding = 4; lastKnownFileType = sourcecode.c.h; path = PausedState.h; sourceTree = "<group>"; };
		57401BAC0E2B9FEA00188F38 /* PhysicsEngine.cpp */ = {isa = PBXFileReference; fileEncoding = 4; lastKnownFileType = sourcecode.cpp.cpp; path = PhysicsEngine.cpp; sourceTree = "<group>"; };
		57401BAD0E2B9FEA00188F38 /* PhysicsEngine.h */ = {isa = PBXFileReference; fileEncoding = 4; lastKnownFileType = sourcecode.c.h; path = PhysicsEngine.h; sourceTree = "<group>"; };
		57401BAE0E2B9FEA00188F38 /* PhysicsObject.cpp */ = {isa = PBXFileReference; fileEncoding = 4; lastKnownFileType = sourcecode.cpp.cpp; path = PhysicsObject.cpp; sourceTree = "<group>"; };
		57401BAF0E2B9FEA00188F38 /* PhysicsObject.h */ = {isa = PBXFileReference; fileEncoding = 4; lastKnownFileType = sourcecode.c.h; path = PhysicsObject.h; sourceTree = "<group>"; };
		57401BB00E2B9FEA00188F38 /* QuitConfirmState.cpp */ = {isa = PBXFileReference; fileEncoding = 4; lastKnownFileType = sourcecode.cpp.cpp; path = QuitConfirmState.cpp; sourceTree = "<group>"; };
		57401BB10E2B9FEA00188F38 /* QuitConfirmState.h */ = {isa = PBXFileReference; fileEncoding = 4; lastKnownFileType = sourcecode.c.h; path = QuitConfirmState.h; sourceTree = "<group>"; };
		57401BB20E2B9FEA00188F38 /* Screen.cpp */ = {isa = PBXFileReference; fileEncoding = 4; lastKnownFileType = sourcecode.cpp.cpp; path = Screen.cpp; sourceTree = "<group>"; };
		57401BB30E2B9FEA00188F38 /* Screen.h */ = {isa = PBXFileReference; fileEncoding = 4; lastKnownFileType = sourcecode.c.h; path = Screen.h; sourceTree = "<group>"; };
		57401BB40E2B9FEA00188F38 /* ScreenManager.cpp */ = {isa = PBXFileReference; fileEncoding = 4; lastKnownFileType = sourcecode.cpp.cpp; path = ScreenManager.cpp; sourceTree = "<group>"; };
		57401BB50E2B9FEA00188F38 /* ScreenManager.h */ = {isa = PBXFileReference; fileEncoding = 4; lastKnownFileType = sourcecode.c.h; path = ScreenManager.h; sourceTree = "<group>"; };
		57401BB60E2B9FEA00188F38 /* ShipController.cpp */ = {isa = PBXFileReference; fileEncoding = 4; lastKnownFileType = sourcecode.cpp.cpp; path = ShipController.cpp; sourceTree = "<group>"; };
		57401BB70E2B9FEA00188F38 /* ShipController.h */ = {isa = PBXFileReference; fileEncoding = 4; lastKnownFileType = sourcecode.c.h; path = ShipController.h; sourceTree = "<group>"; };
		57401BB80E2B9FEA00188F38 /* SpaceShip.cpp */ = {isa = PBXFileReference; fileEncoding = 4; lastKnownFileType = sourcecode.cpp.cpp; path = SpaceShip.cpp; sourceTree = "<group>"; };
		57401BB90E2B9FEA00188F38 /* SpaceShip.h */ = {isa = PBXFileReference; fileEncoding = 4; lastKnownFileType = sourcecode.c.h; path = SpaceShip.h; sourceTree = "<group>"; };
		57401BBC0E2B9FEA00188F38 /* SpaceShipEngine.h */ = {isa = PBXFileReference; fileEncoding = 4; lastKnownFileType = sourcecode.c.h; path = SpaceShipEngine.h; sourceTree = "<group>"; };
		57401BBD0E2B9FEA00188F38 /* SpaceShipHyperAccelerator.cpp */ = {isa = PBXFileReference; fileEncoding = 4; lastKnownFileType = sourcecode.cpp.cpp; path = SpaceShipHyperAccelerator.cpp; sourceTree = "<group>"; };
		57401BBE0E2B9FEA00188F38 /* SpaceShipHyperAccelerator.h */ = {isa = PBXFileReference; fileEncoding = 4; lastKnownFileType = sourcecode.c.h; path = SpaceShipHyperAccelerator.h; sourceTree = "<group>"; };
		57401BBF0E2B9FEA00188F38 /* StarSphere.cpp */ = {isa = PBXFileReference; fileEncoding = 4; lastKnownFileType = sourcecode.cpp.cpp; path = StarSphere.cpp; sourceTree = "<group>"; };
		57401BC00E2B9FEA00188F38 /* StarSphere.h */ = {isa = PBXFileReference; fileEncoding = 4; lastKnownFileType = sourcecode.c.h; path = StarSphere.h; sourceTree = "<group>"; };
		57D3747E0DED15F7002C0837 /* CoreFoundation.framework */ = {isa = PBXFileReference; lastKnownFileType = wrapper.framework; name = CoreFoundation.framework; path = /System/Library/Frameworks/CoreFoundation.framework; sourceTree = "<absolute>"; };
		8D0C4E960486CD37000505A6 /* Info.plist */ = {isa = PBXFileReference; fileEncoding = 4; lastKnownFileType = text.plist.xml; path = Info.plist; sourceTree = "<group>"; };
/* End PBXFileReference section */

/* Begin PBXFrameworksBuildPhase section */
		8D0C4E910486CD37000505A6 /* Frameworks */ = {
			isa = PBXFrameworksBuildPhase;
			buildActionMask = 2147483647;
			files = (
				571ECAC70DECBAEA007AE794 /* OpenGL.framework in Frameworks */,
				571ECACB0DECBAF9007AE794 /* GLUT.framework in Frameworks */,
				57D3747F0DED15F7002C0837 /* CoreFoundation.framework in Frameworks */,
			);
			runOnlyForDeploymentPostprocessing = 0;
		};
/* End PBXFrameworksBuildPhase section */

/* Begin PBXGroup section */
		195DF8CFFE9D517E11CA2CBB /* Products */ = {
			isa = PBXGroup;
			children = (
				508344B209E5C41E0093A071 /* asteroidsOSX.app */,
			);
			name = Products;
			sourceTree = "<group>";
		};
		20286C29FDCF999611CA2CEA /* asteroidsOSX */ = {
			isa = PBXGroup;
			children = (
				5048396909E3304600765E4B /* Configuration Files */,
				20286C2AFDCF999611CA2CEA /* Sources */,
				20286C2CFDCF999611CA2CEA /* Resources */,
				20286C32FDCF999611CA2CEA /* External Frameworks and Libraries */,
				195DF8CFFE9D517E11CA2CBB /* Products */,
			);
			name = asteroidsOSX;
			sourceTree = "<group>";
		};
		20286C2AFDCF999611CA2CEA /* Sources */ = {
			isa = PBXGroup;
			children = (
				57401B800E2B9FEA00188F38 /* asteroids */,
				571EC96B0DECB98B007AE794 /* cg */,
			);
			name = Sources;
			sourceTree = "<group>";
		};
		20286C2CFDCF999611CA2CEA /* Resources */ = {
			isa = PBXGroup;
			children = (
				571784CC0E24D7AA00C2B42B /* gpl.txt */,
				571ECBAB0DECC382007AE794 /* config.ini */,
				8D0C4E960486CD37000505A6 /* Info.plist */,
				0867D6AAFE840B52C02AAC07 /* InfoPlist.strings */,
				02345980000FD03B11CA0E72 /* main.nib */,
			);
			name = Resources;
			sourceTree = "<group>";
		};
		20286C32FDCF999611CA2CEA /* External Frameworks and Libraries */ = {
			isa = PBXGroup;
			children = (
				57D3747E0DED15F7002C0837 /* CoreFoundation.framework */,
				571ECACA0DECBAF9007AE794 /* GLUT.framework */,
				571ECAC60DECBAEA007AE794 /* OpenGL.framework */,
			);
			name = "External Frameworks and Libraries";
			sourceTree = "<group>";
		};
		5048396909E3304600765E4B /* Configuration Files */ = {
			isa = PBXGroup;
			children = (
				5048396D09E3307300765E4B /* asteroidsOSXProj.xcconfig */,
				5048396E09E3307300765E4B /* asteroidsOSXTarget.xcconfig */,
			);
			name = "Configuration Files";
			sourceTree = "<group>";
		};
		571EC96B0DECB98B007AE794 /* cg */ = {
			isa = PBXGroup;
			children = (
				571EC96C0DECB98B007AE794 /* Application.cpp */,
				571EC96D0DECB98B007AE794 /* Application.h */,
				571EC96E0DECB98B007AE794 /* cg.h */,
				571EC96F0DECB98B007AE794 /* CommandQueue.h */,
				571EC9700DECB98B007AE794 /* DebugFile.cpp */,
				571EC9710DECB98B007AE794 /* DebugFile.h */,
				571EC9720DECB98B007AE794 /* DebugNotifier.cpp */,
				571EC9730DECB98B007AE794 /* DebugNotifier.h */,
				571EC9740DECB98B007AE794 /* DrawNotifier.cpp */,
				571EC9750DECB98B007AE794 /* DrawNotifier.h */,
				571EC9760DECB98B007AE794 /* DrawOverlayNotifier.cpp */,
				571EC9770DECB98B007AE794 /* DrawOverlayNotifier.h */,
				571EC9780DECB98B007AE794 /* Entity.h */,
				571EC9790DECB98B007AE794 /* Group.cpp */,
				571EC97A0DECB98B007AE794 /* Group.h */,
				571EC97B0DECB98B007AE794 /* GroupDebug.h */,
				571EC97C0DECB98B007AE794 /* GroupDraw.h */,
				571EC97D0DECB98B007AE794 /* GroupDrawOverlay.h */,
				571EC97E0DECB98B007AE794 /* GroupKeyboardEvent.h */,
				571EC97F0DECB98B007AE794 /* GroupMouseEvent.h */,
				571EC9800DECB98B007AE794 /* GroupReshapeEvent.h */,
				571EC9810DECB98B007AE794 /* GroupUpdate.h */,
				571EC9820DECB98B007AE794 /* IDebugListener.h */,
				571EC9830DECB98B007AE794 /* IDrawListener.h */,
				571EC9840DECB98B007AE794 /* IDrawOverlayListener.h */,
				571EC9850DECB98B007AE794 /* IKeyboardEventListener.h */,
				571EC9860DECB98B007AE794 /* IMouseEventListener.h */,
				571EC9870DECB98B007AE794 /* IReshapeEventListener.h */,
				571EC9880DECB98B007AE794 /* IUpdateListener.h */,
				571EC9890DECB98B007AE794 /* KeyboardEventNotifier.cpp */,
				571EC98A0DECB98B007AE794 /* KeyboardEventNotifier.h */,
				571EC98B0DECB98B007AE794 /* KeyBuffer.cpp */,
				571EC98C0DECB98B007AE794 /* KeyBuffer.h */,
				571EC98D0DECB98B007AE794 /* Manager.cpp */,
				571EC98E0DECB98B007AE794 /* Manager.h */,
				571EC98F0DECB98B007AE794 /* MouseEventNotifier.cpp */,
				571EC9900DECB98B007AE794 /* MouseEventNotifier.h */,
				571EC9910DECB98B007AE794 /* Notifier.h */,
				571EC9920DECB98B007AE794 /* Properties.cpp */,
				571EC9930DECB98B007AE794 /* Properties.h */,
				571EC9940DECB98B007AE794 /* Registry.cpp */,
				571EC9950DECB98B007AE794 /* Registry.h */,
				571EC9960DECB98B007AE794 /* ReshapeEventNotifier.cpp */,
				571EC9970DECB98B007AE794 /* ReshapeEventNotifier.h */,
				571EC9980DECB98B007AE794 /* Singleton.h */,
				571EC9990DECB98B007AE794 /* State.h */,
				571EC99A0DECB98B007AE794 /* Test.h */,
				571EC99B0DECB98B007AE794 /* TestSuite.h */,
				571EC99C0DECB98B007AE794 /* UpdateNotifier.cpp */,
				571EC99D0DECB98B007AE794 /* UpdateNotifier.h */,
				571EC99E0DECB98B007AE794 /* Util.cpp */,
				571EC99F0DECB98B007AE794 /* Util.h */,
				571EC9A00DECB98B007AE794 /* Vector.h */,
			);
			path = cg;
			sourceTree = "<group>";
		};
		57401B800E2B9FEA00188F38 /* asteroids */ = {
			isa = PBXGroup;
			children = (
				57401B810E2B9FEA00188F38 /* ApplicationController.cpp */,
				57401B820E2B9FEA00188F38 /* ApplicationController.h */,
				57401B830E2B9FEA00188F38 /* ApplicationState.cpp */,
				57401B840E2B9FEA00188F38 /* ApplicationState.h */,
				57401B850E2B9FEA00188F38 /* Asteroid.cpp */,
				57401B860E2B9FEA00188F38 /* Asteroid.h */,
				57401B870E2B9FEA00188F38 /* BeforeGameState.cpp */,
				57401B880E2B9FEA00188F38 /* BeforeGameState.h */,
				57401B890E2B9FEA00188F38 /* BeforeLevelState.cpp */,
				57401B8A0E2B9FEA00188F38 /* BeforeLevelState.h */,
				57401B8B0E2B9FEA00188F38 /* DuringLevelState.cpp */,
				57401B8C0E2B9FEA00188F38 /* DuringLevelState.h */,
				57401B8D0E2B9FEA00188F38 /* EndOfLevelState.cpp */,
				57401B8E0E2B9FEA00188F38 /* EndOfLevelState.h */,
				57401B8F0E2B9FEA00188F38 /* ExplosionDebris.cpp */,
				57401B900E2B9FEA00188F38 /* ExplosionDebris.h */,
				57401B910E2B9FEA00188F38 /* ExplosionManager.cpp */,
				57401B920E2B9FEA00188F38 /* ExplosionManager.h */,
				57401B930E2B9FEA00188F38 /* GameEntity.cpp */,
				57401B940E2B9FEA00188F38 /* GameEntity.h */,
				57401B950E2B9FEA00188F38 /* GameManager.cpp */,
				57401B960E2B9FEA00188F38 /* GameManager.h */,
				57401B970E2B9FEA00188F38 /* GameOverScreen.cpp */,
				57401B980E2B9FEA00188F38 /* GameOverScreen.h */,
				57401B990E2B9FEA00188F38 /* GameOverState.cpp */,
				57401B9A0E2B9FEA00188F38 /* GameOverState.h */,
				57401B9B0E2B9FEA00188F38 /* LaserShot.cpp */,
				57401B9C0E2B9FEA00188F38 /* LaserShot.h */,
				57401B9D0E2B9FEA00188F38 /* Lights.cpp */,
				57401B9E0E2B9FEA00188F38 /* Lights.h */,
				57401B9F0E2B9FEA00188F38 /* main.cpp */,
				57401BA00E2B9FEA00188F38 /* RoidsApp.cpp */,
				57401BA10E2B9FEA00188F38 /* RoidsApp.h */,
				57401BA20E2B9FEA00188F38 /* Camera.cpp */,
				57401BA30E2B9FEA00188F38 /* Camera.h */,
				57401BA40E2B9FEA00188F38 /* CameraController.cpp */,
				57401BA50E2B9FEA00188F38 /* CameraController.h */,
				57401BA60E2B9FEA00188F38 /* Particle.cpp */,
				57401BA70E2B9FEA00188F38 /* Particle.h */,
				57401BA80E2B9FEA00188F38 /* ParticleManager.cpp */,
				57401BA90E2B9FEA00188F38 /* ParticleManager.h */,
				57401BAA0E2B9FEA00188F38 /* PausedState.cpp */,
				57401BAB0E2B9FEA00188F38 /* PausedState.h */,
				57401BAC0E2B9FEA00188F38 /* PhysicsEngine.cpp */,
				57401BAD0E2B9FEA00188F38 /* PhysicsEngine.h */,
				57401BAE0E2B9FEA00188F38 /* PhysicsObject.cpp */,
				57401BAF0E2B9FEA00188F38 /* PhysicsObject.h */,
				57401BB00E2B9FEA00188F38 /* QuitConfirmState.cpp */,
				57401BB10E2B9FEA00188F38 /* QuitConfirmState.h */,
				57401BB20E2B9FEA00188F38 /* Screen.cpp */,
				57401BB30E2B9FEA00188F38 /* Screen.h */,
				57401BB40E2B9FEA00188F38 /* ScreenManager.cpp */,
				57401BB50E2B9FEA00188F38 /* ScreenManager.h */,
				57401BB60E2B9FEA00188F38 /* ShipController.cpp */,
				57401BB70E2B9FEA00188F38 /* ShipController.h */,
				57401BB80E2B9FEA00188F38 /* SpaceShip.cpp */,
				57401BB90E2B9FEA00188F38 /* SpaceShip.h */,
				57401BBC0E2B9FEA00188F38 /* SpaceShipEngine.h */,
				57401BBD0E2B9FEA00188F38 /* SpaceShipHyperAccelerator.cpp */,
				57401BBE0E2B9FEA00188F38 /* SpaceShipHyperAccelerator.h */,
				57401BBF0E2B9FEA00188F38 /* StarSphere.cpp */,
				57401BC00E2B9FEA00188F38 /* StarSphere.h */,
			);
			path = asteroids;
			sourceTree = "<group>";
		};
/* End PBXGroup section */

/* Begin PBXNativeTarget section */
		8D0C4E890486CD37000505A6 /* asteroidsOSX */ = {
			isa = PBXNativeTarget;
			buildConfigurationList = C0E91AC508A95435008D54AB /* Build configuration list for PBXNativeTarget "asteroidsOSX" */;
			buildPhases = (
				8D0C4E8C0486CD37000505A6 /* Resources */,
				8D0C4E8F0486CD37000505A6 /* Sources */,
				8D0C4E910486CD37000505A6 /* Frameworks */,
			);
			buildRules = (
			);
			dependencies = (
			);
			name = asteroidsOSX;
			productInstallPath = "$(HOME)/Applications";
			productName = asteroidsOSX;
			productReference = 508344B209E5C41E0093A071 /* asteroidsOSX.app */;
			productType = "com.apple.product-type.application";
		};
/* End PBXNativeTarget section */

/* Begin PBXProject section */
		20286C28FDCF999611CA2CEA /* Project object */ = {
			isa = PBXProject;
			buildConfigurationList = C0E91AC908A95435008D54AB /* Build configuration list for PBXProject "asteroidsOSX" */;
			compatibilityVersion = "Xcode 3.2";
			hasScannedForEncodings = 1;
			mainGroup = 20286C29FDCF999611CA2CEA /* asteroidsOSX */;
			projectDirPath = "";
			projectRoot = "";
			targets = (
				8D0C4E890486CD37000505A6 /* asteroidsOSX */,
			);
		};
/* End PBXProject section */

/* Begin PBXResourcesBuildPhase section */
		8D0C4E8C0486CD37000505A6 /* Resources */ = {
			isa = PBXResourcesBuildPhase;
			buildActionMask = 2147483647;
			files = (
				8D0C4E8D0486CD37000505A6 /* InfoPlist.strings in Resources */,
				8D0C4E8E0486CD37000505A6 /* main.nib in Resources */,
				571ECBAC0DECC382007AE794 /* config.ini in Resources */,
				571784CD0E24D7AA00C2B42B /* gpl.txt in Resources */,
			);
			runOnlyForDeploymentPostprocessing = 0;
		};
/* End PBXResourcesBuildPhase section */

/* Begin PBXSourcesBuildPhase section */
		8D0C4E8F0486CD37000505A6 /* Sources */ = {
			isa = PBXSourcesBuildPhase;
			buildActionMask = 2147483647;
			files = (
				571EC9DC0DECB98B007AE794 /* Application.cpp in Sources */,
				571EC9DD0DECB98B007AE794 /* DebugFile.cpp in Sources */,
				571EC9DE0DECB98B007AE794 /* DebugNotifier.cpp in Sources */,
				571EC9DF0DECB98B007AE794 /* DrawNotifier.cpp in Sources */,
				571EC9E00DECB98B007AE794 /* DrawOverlayNotifier.cpp in Sources */,
				571EC9E10DECB98B007AE794 /* Group.cpp in Sources */,
				571EC9E20DECB98B007AE794 /* KeyboardEventNotifier.cpp in Sources */,
				571EC9E30DECB98B007AE794 /* KeyBuffer.cpp in Sources */,
				571EC9E40DECB98B007AE794 /* Manager.cpp in Sources */,
				571EC9E50DECB98B007AE794 /* MouseEventNotifier.cpp in Sources */,
				571EC9E60DECB98B007AE794 /* Properties.cpp in Sources */,
				571EC9E70DECB98B007AE794 /* Registry.cpp in Sources */,
				571EC9E80DECB98B007AE794 /* ReshapeEventNotifier.cpp in Sources */,
				571EC9E90DECB98B007AE794 /* UpdateNotifier.cpp in Sources */,
				571EC9EA0DECB98B007AE794 /* Util.cpp in Sources */,
				57401BC10E2B9FEA00188F38 /* ApplicationController.cpp in Sources */,
				57401BC20E2B9FEA00188F38 /* ApplicationState.cpp in Sources */,
				57401BC30E2B9FEA00188F38 /* Asteroid.cpp in Sources */,
				57401BC40E2B9FEA00188F38 /* BeforeGameState.cpp in Sources */,
				57401BC50E2B9FEA00188F38 /* BeforeLevelState.cpp in Sources */,
				57401BC60E2B9FEA00188F38 /* DuringLevelState.cpp in Sources */,
				57401BC70E2B9FEA00188F38 /* EndOfLevelState.cpp in Sources */,
				57401BC80E2B9FEA00188F38 /* ExplosionDebris.cpp in Sources */,
				57401BC90E2B9FEA00188F38 /* ExplosionManager.cpp in Sources */,
				57401BCA0E2B9FEA00188F38 /* GameEntity.cpp in Sources */,
				57401BCB0E2B9FEA00188F38 /* GameManager.cpp in Sources */,
				57401BCC0E2B9FEA00188F38 /* GameOverScreen.cpp in Sources */,
				57401BCD0E2B9FEA00188F38 /* GameOverState.cpp in Sources */,
				57401BCE0E2B9FEA00188F38 /* LaserShot.cpp in Sources */,
				57401BCF0E2B9FEA00188F38 /* Lights.cpp in Sources */,
				57401BD00E2B9FEA00188F38 /* main.cpp in Sources */,
				57401BD10E2B9FEA00188F38 /* RoidsApp.cpp in Sources */,
				57401BD20E2B9FEA00188F38 /* Camera.cpp in Sources */,
				57401BD30E2B9FEA00188F38 /* CameraController.cpp in Sources */,
				57401BD40E2B9FEA00188F38 /* Particle.cpp in Sources */,
				57401BD50E2B9FEA00188F38 /* ParticleManager.cpp in Sources */,
				57401BD60E2B9FEA00188F38 /* PausedState.cpp in Sources */,
				57401BD70E2B9FEA00188F38 /* PhysicsEngine.cpp in Sources */,
				57401BD80E2B9FEA00188F38 /* PhysicsObject.cpp in Sources */,
				57401BD90E2B9FEA00188F38 /* QuitConfirmState.cpp in Sources */,
				57401BDA0E2B9FEA00188F38 /* Screen.cpp in Sources */,
				57401BDB0E2B9FEA00188F38 /* ScreenManager.cpp in Sources */,
				57401BDC0E2B9FEA00188F38 /* ShipController.cpp in Sources */,
				57401BDD0E2B9FEA00188F38 /* SpaceShip.cpp in Sources */,
				57401BDF0E2B9FEA00188F38 /* SpaceShipHyperAccelerator.cpp in Sources */,
				57401BE00E2B9FEA00188F38 /* StarSphere.cpp in Sources */,
			);
			runOnlyForDeploymentPostprocessing = 0;
		};
/* End PBXSourcesBuildPhase section */

/* Begin PBXVariantGroup section */
		02345980000FD03B11CA0E72 /* main.nib */ = {
			isa = PBXVariantGroup;
			children = (
				1870340FFE93FCAF11CA0CD7 /* English */,
			);
			name = main.nib;
			sourceTree = "<group>";
		};
		0867D6AAFE840B52C02AAC07 /* InfoPlist.strings */ = {
			isa = PBXVariantGroup;
			children = (
				0867D6ABFE840B52C02AAC07 /* English */,
			);
			name = InfoPlist.strings;
			sourceTree = "<group>";
		};
/* End PBXVariantGroup section */

/* Begin XCBuildConfiguration section */
		C0E91AC608A95435008D54AB /* Debug */ = {
			isa = XCBuildConfiguration;
			baseConfigurationReference = 5048396E09E3307300765E4B /* asteroidsOSXTarget.xcconfig */;
			buildSettings = {
				ARCHS = "$(NATIVE_ARCH)";
				COPY_PHASE_STRIP = NO;
				GCC_MODEL_TUNING = "";
				GCC_PREFIX_HEADER = "";
				GCC_PREPROCESSOR_DEFINITIONS = (
					"_GLIBCXX_DEBUG=1",
					"_GLIBCXX_DEBUG_PEDANTIC=1",
				);
				GCC_WARN_PEDANTIC = NO;
				"PRODUCT NAME" = "";
			};
			name = Debug;
		};
		C0E91AC708A95435008D54AB /* Release */ = {
			isa = XCBuildConfiguration;
			baseConfigurationReference = 5048396E09E3307300765E4B /* asteroidsOSXTarget.xcconfig */;
			buildSettings = {
				ARCHS = (
					ppc,
					i386,
				);
				DEAD_CODE_STRIPPING = YES;
				DEBUG_INFORMATION_FORMAT = "dwarf-with-dsym";
				GCC_INCREASE_PRECOMPILED_HEADER_SHARING = YES;
				GCC_PREFIX_HEADER = "";
				INSTALL_PATH = "$(HOME)/Applications";
				PRESERVE_DEAD_CODE_INITS_AND_TERMS = YES;
			};
			name = Release;
		};
		C0E91ACA08A95435008D54AB /* Debug */ = {
			isa = XCBuildConfiguration;
			baseConfigurationReference = 5048396D09E3307300765E4B /* asteroidsOSXProj.xcconfig */;
			buildSettings = {
				ALWAYS_SEARCH_USER_PATHS = NO;
				GCC_ENABLE_FIX_AND_CONTINUE = YES;
				GCC_ENABLE_SYMBOL_SEPARATION = NO;
				GCC_OPTIMIZATION_LEVEL = 0;
				HEADER_SEARCH_PATHS = "$(SRCROOT)/";
				MACOSX_DEPLOYMENT_TARGET = 10.4;
				SDKROOT = macosx10.5;
				ZERO_LINK = NO;
			};
			name = Debug;
		};
		C0E91ACB08A95435008D54AB /* Release */ = {
			isa = XCBuildConfiguration;
			baseConfigurationReference = 5048396D09E3307300765E4B /* asteroidsOSXProj.xcconfig */;
			buildSettings = {
				ALWAYS_SEARCH_USER_PATHS = NO;
				ARCHS = (
					i386,
					ppc,
				);
				GCC_ENABLE_SYMBOL_SEPARATION = NO;
				HEADER_SEARCH_PATHS = "$(SRCROOT)/";
				MACOSX_DEPLOYMENT_TARGET = 10.4;
				SDKROOT = macosx10.5;
				SEPARATE_STRIP = YES;
			};
			name = Release;
		};
/* End XCBuildConfiguration section */

/* Begin XCConfigurationList section */
		C0E91AC508A95435008D54AB /* Build configuration list for PBXNativeTarget "asteroidsOSX" */ = {
			isa = XCConfigurationList;
			buildConfigurations = (
				C0E91AC608A95435008D54AB /* Debug */,
				C0E91AC708A95435008D54AB /* Release */,
			);
			defaultConfigurationIsVisible = 0;
			defaultConfigurationName = Release;
		};
		C0E91AC908A95435008D54AB /* Build configuration list for PBXProject "asteroidsOSX" */ = {
			isa = XCConfigurationList;
			buildConfigurations = (
				C0E91ACA08A95435008D54AB /* Debug */,
				C0E91ACB08A95435008D54AB /* Release */,
			);
			defaultConfigurationIsVisible = 0;
			defaultConfigurationName = Release;
		};
/* End XCConfigurationList section */
	};
	rootObject = 20286C28FDCF999611CA2CEA /* Project object */;
}
